// !$*UTF8*$!
{
	archiveVersion = 1;
	classes = {
	};
	objectVersion = 56;
	objects = {

/* Begin PBXBuildFile section */
		5992800C2A3A8DFC004EAA68 /* Topic.swift in Sources */ = {isa = PBXBuildFile; fileRef = 5992800B2A3A8DFC004EAA68 /* Topic.swift */; };
		59C69B162A3404DE0074DCA9 /* FlashCardApp.swift in Sources */ = {isa = PBXBuildFile; fileRef = 59C69B152A3404DE0074DCA9 /* FlashCardApp.swift */; };
		59C69B182A3404DE0074DCA9 /* ContentView.swift in Sources */ = {isa = PBXBuildFile; fileRef = 59C69B172A3404DE0074DCA9 /* ContentView.swift */; };
		59C69B1A2A3404DF0074DCA9 /* Assets.xcassets in Resources */ = {isa = PBXBuildFile; fileRef = 59C69B192A3404DF0074DCA9 /* Assets.xcassets */; };
		59C69B1D2A3404DF0074DCA9 /* Preview Assets.xcassets in Resources */ = {isa = PBXBuildFile; fileRef = 59C69B1C2A3404DF0074DCA9 /* Preview Assets.xcassets */; };
		59C69B242A3404F50074DCA9 /* Card.swift in Sources */ = {isa = PBXBuildFile; fileRef = 59C69B232A3404F50074DCA9 /* Card.swift */; };
		59C69B262A34468C0074DCA9 /* DetailListCardView.swift in Sources */ = {isa = PBXBuildFile; fileRef = 59C69B252A34468C0074DCA9 /* DetailListCardView.swift */; };
		59C69B282A344C300074DCA9 /* AddNewCardView.swift in Sources */ = {isa = PBXBuildFile; fileRef = 59C69B272A344C300074DCA9 /* AddNewCardView.swift */; };
		59C69B2A2A344FDD0074DCA9 /* CardView.swift in Sources */ = {isa = PBXBuildFile; fileRef = 59C69B292A344FDD0074DCA9 /* CardView.swift */; };
		59C769C12A38DA780036F995 /* EditCardView.swift in Sources */ = {isa = PBXBuildFile; fileRef = 59C769C02A38DA780036F995 /* EditCardView.swift */; };
		59FE2B292A366773002D68A3 /* TopicListView.swift in Sources */ = {isa = PBXBuildFile; fileRef = 59FE2B282A366773002D68A3 /* TopicListView.swift */; };
/* End PBXBuildFile section */

/* Begin PBXFileReference section */
		5992800B2A3A8DFC004EAA68 /* Topic.swift */ = {isa = PBXFileReference; lastKnownFileType = sourcecode.swift; path = Topic.swift; sourceTree = "<group>"; };
		59C69B122A3404DE0074DCA9 /* FlashCard.app */ = {isa = PBXFileReference; explicitFileType = wrapper.application; includeInIndex = 0; path = FlashCard.app; sourceTree = BUILT_PRODUCTS_DIR; };
		59C69B152A3404DE0074DCA9 /* FlashCardApp.swift */ = {isa = PBXFileReference; lastKnownFileType = sourcecode.swift; path = FlashCardApp.swift; sourceTree = "<group>"; };
		59C69B172A3404DE0074DCA9 /* ContentView.swift */ = {isa = PBXFileReference; lastKnownFileType = sourcecode.swift; path = ContentView.swift; sourceTree = "<group>"; };
		59C69B192A3404DF0074DCA9 /* Assets.xcassets */ = {isa = PBXFileReference; lastKnownFileType = folder.assetcatalog; path = Assets.xcassets; sourceTree = "<group>"; };
		59C69B1C2A3404DF0074DCA9 /* Preview Assets.xcassets */ = {isa = PBXFileReference; lastKnownFileType = folder.assetcatalog; path = "Preview Assets.xcassets"; sourceTree = "<group>"; };
		59C69B232A3404F50074DCA9 /* Card.swift */ = {isa = PBXFileReference; lastKnownFileType = sourcecode.swift; path = Card.swift; sourceTree = "<group>"; };
		59C69B252A34468C0074DCA9 /* DetailListCardView.swift */ = {isa = PBXFileReference; lastKnownFileType = sourcecode.swift; path = DetailListCardView.swift; sourceTree = "<group>"; };
		59C69B272A344C300074DCA9 /* AddNewCardView.swift */ = {isa = PBXFileReference; lastKnownFileType = sourcecode.swift; path = AddNewCardView.swift; sourceTree = "<group>"; };
		59C69B292A344FDD0074DCA9 /* CardView.swift */ = {isa = PBXFileReference; lastKnownFileType = sourcecode.swift; path = CardView.swift; sourceTree = "<group>"; };
		59C769C02A38DA780036F995 /* EditCardView.swift */ = {isa = PBXFileReference; lastKnownFileType = sourcecode.swift; path = EditCardView.swift; sourceTree = "<group>"; };
		59FE2B282A366773002D68A3 /* TopicListView.swift */ = {isa = PBXFileReference; lastKnownFileType = sourcecode.swift; path = TopicListView.swift; sourceTree = "<group>"; };
/* End PBXFileReference section */

/* Begin PBXFrameworksBuildPhase section */
		59C69B0F2A3404DE0074DCA9 /* Frameworks */ = {
			isa = PBXFrameworksBuildPhase;
			buildActionMask = 2147483647;
			files = (
			);
			runOnlyForDeploymentPostprocessing = 0;
		};
/* End PBXFrameworksBuildPhase section */

/* Begin PBXGroup section */
		599280092A3A8DDE004EAA68 /* Views */ = {
			isa = PBXGroup;
			children = (
				59C69B172A3404DE0074DCA9 /* ContentView.swift */,
				59C69B252A34468C0074DCA9 /* DetailListCardView.swift */,
				59FE2B282A366773002D68A3 /* TopicListView.swift */,
				59C69B272A344C300074DCA9 /* AddNewCardView.swift */,
				59C769C02A38DA780036F995 /* EditCardView.swift */,
				59C69B292A344FDD0074DCA9 /* CardView.swift */,
			);
			path = Views;
			sourceTree = "<group>";
		};
		5992800A2A3A8DE9004EAA68 /* Models */ = {
			isa = PBXGroup;
			children = (
				59C69B232A3404F50074DCA9 /* Card.swift */,
				5992800B2A3A8DFC004EAA68 /* Topic.swift */,
			);
			path = Models;
			sourceTree = "<group>";
		};
		59C69B092A3404DE0074DCA9 = {
			isa = PBXGroup;
			children = (
				59C69B142A3404DE0074DCA9 /* FlashCard */,
				59C69B132A3404DE0074DCA9 /* Products */,
			);
			sourceTree = "<group>";
		};
		59C69B132A3404DE0074DCA9 /* Products */ = {
			isa = PBXGroup;
			children = (
				59C69B122A3404DE0074DCA9 /* FlashCard.app */,
			);
			name = Products;
			sourceTree = "<group>";
		};
		59C69B142A3404DE0074DCA9 /* FlashCard */ = {
			isa = PBXGroup;
			children = (
				5992800A2A3A8DE9004EAA68 /* Models */,
				599280092A3A8DDE004EAA68 /* Views */,
				59C69B152A3404DE0074DCA9 /* FlashCardApp.swift */,
				59C69B192A3404DF0074DCA9 /* Assets.xcassets */,
				59C69B1B2A3404DF0074DCA9 /* Preview Content */,
			);
			path = FlashCard;
			sourceTree = "<group>";
		};
		59C69B1B2A3404DF0074DCA9 /* Preview Content */ = {
			isa = PBXGroup;
			children = (
				59C69B1C2A3404DF0074DCA9 /* Preview Assets.xcassets */,
			);
			path = "Preview Content";
			sourceTree = "<group>";
		};
/* End PBXGroup section */

/* Begin PBXNativeTarget section */
		59C69B112A3404DE0074DCA9 /* FlashCard */ = {
			isa = PBXNativeTarget;
			buildConfigurationList = 59C69B202A3404DF0074DCA9 /* Build configuration list for PBXNativeTarget "FlashCard" */;
			buildPhases = (
				59C69B0E2A3404DE0074DCA9 /* Sources */,
				59C69B0F2A3404DE0074DCA9 /* Frameworks */,
				59C69B102A3404DE0074DCA9 /* Resources */,
			);
			buildRules = (
			);
			dependencies = (
			);
			name = FlashCard;
			productName = FlashCard;
			productReference = 59C69B122A3404DE0074DCA9 /* FlashCard.app */;
			productType = "com.apple.product-type.application";
		};
/* End PBXNativeTarget section */

/* Begin PBXProject section */
		59C69B0A2A3404DE0074DCA9 /* Project object */ = {
			isa = PBXProject;
			attributes = {
				BuildIndependentTargetsInParallel = 1;
				LastSwiftUpdateCheck = 1500;
				LastUpgradeCheck = 1500;
				TargetAttributes = {
					59C69B112A3404DE0074DCA9 = {
						CreatedOnToolsVersion = 15.0;
					};
				};
			};
			buildConfigurationList = 59C69B0D2A3404DE0074DCA9 /* Build configuration list for PBXProject "FlashCard" */;
			compatibilityVersion = "Xcode 14.0";
			developmentRegion = en;
			hasScannedForEncodings = 0;
			knownRegions = (
				en,
				Base,
			);
			mainGroup = 59C69B092A3404DE0074DCA9;
			productRefGroup = 59C69B132A3404DE0074DCA9 /* Products */;
			projectDirPath = "";
			projectRoot = "";
			targets = (
				59C69B112A3404DE0074DCA9 /* FlashCard */,
			);
		};
/* End PBXProject section */

/* Begin PBXResourcesBuildPhase section */
		59C69B102A3404DE0074DCA9 /* Resources */ = {
			isa = PBXResourcesBuildPhase;
			buildActionMask = 2147483647;
			files = (
				59C69B1D2A3404DF0074DCA9 /* Preview Assets.xcassets in Resources */,
				59C69B1A2A3404DF0074DCA9 /* Assets.xcassets in Resources */,
			);
			runOnlyForDeploymentPostprocessing = 0;
		};
/* End PBXResourcesBuildPhase section */

/* Begin PBXSourcesBuildPhase section */
		59C69B0E2A3404DE0074DCA9 /* Sources */ = {
			isa = PBXSourcesBuildPhase;
			buildActionMask = 2147483647;
			files = (
				59C69B182A3404DE0074DCA9 /* ContentView.swift in Sources */,
				5992800C2A3A8DFC004EAA68 /* Topic.swift in Sources */,
				59C69B282A344C300074DCA9 /* AddNewCardView.swift in Sources */,
				59FE2B292A366773002D68A3 /* TopicListView.swift in Sources */,
				59C769C12A38DA780036F995 /* EditCardView.swift in Sources */,
				59C69B262A34468C0074DCA9 /* DetailListCardView.swift in Sources */,
				59C69B242A3404F50074DCA9 /* Card.swift in Sources */,
				59C69B2A2A344FDD0074DCA9 /* CardView.swift in Sources */,
				59C69B162A3404DE0074DCA9 /* FlashCardApp.swift in Sources */,
			);
			runOnlyForDeploymentPostprocessing = 0;
		};
/* End PBXSourcesBuildPhase section */

/* Begin XCBuildConfiguration section */
		59C69B1E2A3404DF0074DCA9 /* Debug */ = {
			isa = XCBuildConfiguration;
			buildSettings = {
				ALWAYS_SEARCH_USER_PATHS = NO;
				ASSETCATALOG_COMPILER_GENERATE_SWIFT_ASSET_SYMBOL_EXTENSIONS = YES;
				CLANG_ANALYZER_NONNULL = YES;
				CLANG_ANALYZER_NUMBER_OBJECT_CONVERSION = YES_AGGRESSIVE;
				CLANG_CXX_LANGUAGE_STANDARD = "gnu++20";
				CLANG_ENABLE_MODULES = YES;
				CLANG_ENABLE_OBJC_ARC = YES;
				CLANG_ENABLE_OBJC_WEAK = YES;
				CLANG_WARN_BLOCK_CAPTURE_AUTORELEASING = YES;
				CLANG_WARN_BOOL_CONVERSION = YES;
				CLANG_WARN_COMMA = YES;
				CLANG_WARN_CONSTANT_CONVERSION = YES;
				CLANG_WARN_DEPRECATED_OBJC_IMPLEMENTATIONS = YES;
				CLANG_WARN_DIRECT_OBJC_ISA_USAGE = YES_ERROR;
				CLANG_WARN_DOCUMENTATION_COMMENTS = YES;
				CLANG_WARN_EMPTY_BODY = YES;
				CLANG_WARN_ENUM_CONVERSION = YES;
				CLANG_WARN_INFINITE_RECURSION = YES;
				CLANG_WARN_INT_CONVERSION = YES;
				CLANG_WARN_NON_LITERAL_NULL_CONVERSION = YES;
				CLANG_WARN_OBJC_IMPLICIT_RETAIN_SELF = YES;
				CLANG_WARN_OBJC_LITERAL_CONVERSION = YES;
				CLANG_WARN_OBJC_ROOT_CLASS = YES_ERROR;
				CLANG_WARN_QUOTED_INCLUDE_IN_FRAMEWORK_HEADER = YES;
				CLANG_WARN_RANGE_LOOP_ANALYSIS = YES;
				CLANG_WARN_STRICT_PROTOTYPES = YES;
				CLANG_WARN_SUSPICIOUS_MOVE = YES;
				CLANG_WARN_UNGUARDED_AVAILABILITY = YES_AGGRESSIVE;
				CLANG_WARN_UNREACHABLE_CODE = YES;
				CLANG_WARN__DUPLICATE_METHOD_MATCH = YES;
				COPY_PHASE_STRIP = NO;
				DEBUG_INFORMATION_FORMAT = dwarf;
				ENABLE_STRICT_OBJC_MSGSEND = YES;
				ENABLE_TESTABILITY = YES;
				ENABLE_USER_SCRIPT_SANDBOXING = YES;
				GCC_C_LANGUAGE_STANDARD = gnu17;
				GCC_DYNAMIC_NO_PIC = NO;
				GCC_NO_COMMON_BLOCKS = YES;
				GCC_OPTIMIZATION_LEVEL = 0;
				GCC_PREPROCESSOR_DEFINITIONS = (
					"DEBUG=1",
					"$(inherited)",
				);
				GCC_WARN_64_TO_32_BIT_CONVERSION = YES;
				GCC_WARN_ABOUT_RETURN_TYPE = YES_ERROR;
				GCC_WARN_UNDECLARED_SELECTOR = YES;
				GCC_WARN_UNINITIALIZED_AUTOS = YES_AGGRESSIVE;
				GCC_WARN_UNUSED_FUNCTION = YES;
				GCC_WARN_UNUSED_VARIABLE = YES;
				IPHONEOS_DEPLOYMENT_TARGET = 17.0;
				LOCALIZATION_PREFERS_STRING_CATALOGS = YES;
				MTL_ENABLE_DEBUG_INFO = INCLUDE_SOURCE;
				MTL_FAST_MATH = YES;
				ONLY_ACTIVE_ARCH = YES;
				SDKROOT = iphoneos;
				SWIFT_ACTIVE_COMPILATION_CONDITIONS = "DEBUG $(inherited)";
				SWIFT_OPTIMIZATION_LEVEL = "-Onone";
			};
			name = Debug;
		};
		59C69B1F2A3404DF0074DCA9 /* Release */ = {
			isa = XCBuildConfiguration;
			buildSettings = {
				ALWAYS_SEARCH_USER_PATHS = NO;
				ASSETCATALOG_COMPILER_GENERATE_SWIFT_ASSET_SYMBOL_EXTENSIONS = YES;
				CLANG_ANALYZER_NONNULL = YES;
				CLANG_ANALYZER_NUMBER_OBJECT_CONVERSION = YES_AGGRESSIVE;
				CLANG_CXX_LANGUAGE_STANDARD = "gnu++20";
				CLANG_ENABLE_MODULES = YES;
				CLANG_ENABLE_OBJC_ARC = YES;
				CLANG_ENABLE_OBJC_WEAK = YES;
				CLANG_WARN_BLOCK_CAPTURE_AUTORELEASING = YES;
				CLANG_WARN_BOOL_CONVERSION = YES;
				CLANG_WARN_COMMA = YES;
				CLANG_WARN_CONSTANT_CONVERSION = YES;
				CLANG_WARN_DEPRECATED_OBJC_IMPLEMENTATIONS = YES;
				CLANG_WARN_DIRECT_OBJC_ISA_USAGE = YES_ERROR;
				CLANG_WARN_DOCUMENTATION_COMMENTS = YES;
				CLANG_WARN_EMPTY_BODY = YES;
				CLANG_WARN_ENUM_CONVERSION = YES;
				CLANG_WARN_INFINITE_RECURSION = YES;
				CLANG_WARN_INT_CONVERSION = YES;
				CLANG_WARN_NON_LITERAL_NULL_CONVERSION = YES;
				CLANG_WARN_OBJC_IMPLICIT_RETAIN_SELF = YES;
				CLANG_WARN_OBJC_LITERAL_CONVERSION = YES;
				CLANG_WARN_OBJC_ROOT_CLASS = YES_ERROR;
				CLANG_WARN_QUOTED_INCLUDE_IN_FRAMEWORK_HEADER = YES;
				CLANG_WARN_RANGE_LOOP_ANALYSIS = YES;
				CLANG_WARN_STRICT_PROTOTYPES = YES;
				CLANG_WARN_SUSPICIOUS_MOVE = YES;
				CLANG_WARN_UNGUARDED_AVAILABILITY = YES_AGGRESSIVE;
				CLANG_WARN_UNREACHABLE_CODE = YES;
				CLANG_WARN__DUPLICATE_METHOD_MATCH = YES;
				COPY_PHASE_STRIP = NO;
				DEBUG_INFORMATION_FORMAT = "dwarf-with-dsym";
				ENABLE_NS_ASSERTIONS = NO;
				ENABLE_STRICT_OBJC_MSGSEND = YES;
				ENABLE_USER_SCRIPT_SANDBOXING = YES;
				GCC_C_LANGUAGE_STANDARD = gnu17;
				GCC_NO_COMMON_BLOCKS = YES;
				GCC_WARN_64_TO_32_BIT_CONVERSION = YES;
				GCC_WARN_ABOUT_RETURN_TYPE = YES_ERROR;
				GCC_WARN_UNDECLARED_SELECTOR = YES;
				GCC_WARN_UNINITIALIZED_AUTOS = YES_AGGRESSIVE;
				GCC_WARN_UNUSED_FUNCTION = YES;
				GCC_WARN_UNUSED_VARIABLE = YES;
				IPHONEOS_DEPLOYMENT_TARGET = 17.0;
				LOCALIZATION_PREFERS_STRING_CATALOGS = YES;
				MTL_ENABLE_DEBUG_INFO = NO;
				MTL_FAST_MATH = YES;
				SDKROOT = iphoneos;
				SWIFT_COMPILATION_MODE = wholemodule;
				VALIDATE_PRODUCT = YES;
			};
			name = Release;
		};
		59C69B212A3404DF0074DCA9 /* Debug */ = {
			isa = XCBuildConfiguration;
			buildSettings = {
				ASSETCATALOG_COMPILER_APPICON_NAME = AppIcon;
				ASSETCATALOG_COMPILER_GLOBAL_ACCENT_COLOR_NAME = AccentColor;
				CODE_SIGN_STYLE = Automatic;
				CURRENT_PROJECT_VERSION = 1;
				DEVELOPMENT_ASSET_PATHS = "\"FlashCard/Preview Content\"";
				DEVELOPMENT_TEAM = B6LXP9JCNK;
				ENABLE_PREVIEWS = YES;
				GENERATE_INFOPLIST_FILE = YES;
				INFOPLIST_KEY_UIApplicationSceneManifest_Generation = YES;
				INFOPLIST_KEY_UIApplicationSupportsIndirectInputEvents = YES;
				INFOPLIST_KEY_UILaunchScreen_Generation = YES;
				INFOPLIST_KEY_UISupportedInterfaceOrientations_iPad = "UIInterfaceOrientationPortrait UIInterfaceOrientationPortraitUpsideDown UIInterfaceOrientationLandscapeLeft UIInterfaceOrientationLandscapeRight";
				INFOPLIST_KEY_UISupportedInterfaceOrientations_iPhone = "UIInterfaceOrientationPortrait UIInterfaceOrientationLandscapeLeft UIInterfaceOrientationLandscapeRight";
				LD_RUNPATH_SEARCH_PATHS = (
					"$(inherited)",
					"@executable_path/Frameworks",
				);
				MARKETING_VERSION = 1.0;
				PRODUCT_BUNDLE_IDENTIFIER = com.huyong.FlashCard;
				PRODUCT_NAME = "$(TARGET_NAME)";
				SWIFT_EMIT_LOC_STRINGS = YES;
				SWIFT_VERSION = 5.0;
				TARGETED_DEVICE_FAMILY = "1,2";
			};
			name = Debug;
		};
		59C69B222A3404DF0074DCA9 /* Release */ = {
			isa = XCBuildConfiguration;
			buildSettings = {
				ASSETCATALOG_COMPILER_APPICON_NAME = AppIcon;
				ASSETCATALOG_COMPILER_GLOBAL_ACCENT_COLOR_NAME = AccentColor;
				CODE_SIGN_STYLE = Automatic;
				CURRENT_PROJECT_VERSION = 1;
				DEVELOPMENT_ASSET_PATHS = "\"FlashCard/Preview Content\"";
				DEVELOPMENT_TEAM = B6LXP9JCNK;
				ENABLE_PREVIEWS = YES;
				GENERATE_INFOPLIST_FILE = YES;
				INFOPLIST_KEY_UIApplicationSceneManifest_Generation = YES;
				INFOPLIST_KEY_UIApplicationSupportsIndirectInputEvents = YES;
				INFOPLIST_KEY_UILaunchScreen_Generation = YES;
				INFOPLIST_KEY_UISupportedInterfaceOrientations_iPad = "UIInterfaceOrientationPortrait UIInterfaceOrientationPortraitUpsideDown UIInterfaceOrientationLandscapeLeft UIInterfaceOrientationLandscapeRight";
				INFOPLIST_KEY_UISupportedInterfaceOrientations_iPhone = "UIInterfaceOrientationPortrait UIInterfaceOrientationLandscapeLeft UIInterfaceOrientationLandscapeRight";
				LD_RUNPATH_SEARCH_PATHS = (
					"$(inherited)",
					"@executable_path/Frameworks",
				);
				MARKETING_VERSION = 1.0;
				PRODUCT_BUNDLE_IDENTIFIER = com.huyong.FlashCard;
				PRODUCT_NAME = "$(TARGET_NAME)";
				SWIFT_EMIT_LOC_STRINGS = YES;
				SWIFT_VERSION = 5.0;
				TARGETED_DEVICE_FAMILY = "1,2";
			};
			name = Release;
		};
/* End XCBuildConfiguration section */

/* Begin XCConfigurationList section */
		59C69B0D2A3404DE0074DCA9 /* Build configuration list for PBXProject "FlashCard" */ = {
			isa = XCConfigurationList;
			buildConfigurations = (
				59C69B1E2A3404DF0074DCA9 /* Debug */,
				59C69B1F2A3404DF0074DCA9 /* Release */,
			);
			defaultConfigurationIsVisible = 0;
			defaultConfigurationName = Release;
		};
		59C69B202A3404DF0074DCA9 /* Build configuration list for PBXNativeTarget "FlashCard" */ = {
			isa = XCConfigurationList;
			buildConfigurations = (
				59C69B212A3404DF0074DCA9 /* Debug */,
				59C69B222A3404DF0074DCA9 /* Release */,
			);
			defaultConfigurationIsVisible = 0;
			defaultConfigurationName = Release;
		};
/* End XCConfigurationList section */
	};
	rootObject = 59C69B0A2A3404DE0074DCA9 /* Project object */;
}
